
Microsoft Visual Studio Solution File, Format Version 12.00
# Visual Studio Version 17
VisualStudioVersion = 17.3.32708.82
MinimumVisualStudioVersion = 10.0.40219.1
Project("{FAE04EC0-301F-11D3-BF4B-00C04F79EFBC}") = "3ai.solutions.PDFClient", "3ai.solutions.PDFClient.csproj", "{A80BC607-C937-43FD-A731-B4E315124C65}"
EndProject
Global
	GlobalSection(SolutionConfigurationPlatforms) = preSolution
		Debug|Any CPU = Debug|Any CPU
		Release|Any CPU = Release|Any CPU
	EndGlobalSection
	GlobalSection(ProjectConfigurationPlatforms) = postSolution
		{A80BC607-C937-43FD-A731-B4E315124C65}.Debug|Any CPU.ActiveCfg = Debug|Any CPU
		{A80BC607-C937-43FD-A731-B4E315124C65}.Debug|Any CPU.Build.0 = Debug|Any CPU
		{A80BC607-C937-43FD-A731-B4E315124C65}.Release|Any CPU.ActiveCfg = Release|Any CPU
		{A80BC607-C937-43FD-A731-B4E315124C65}.Release|Any CPU.Build.0 = Release|Any CPU
	EndGlobalSection
	GlobalSection(SolutionProperties) = preSolution
		HideSolutionNode = FALSE
	EndGlobalSection
	GlobalSection(ExtensibilityGlobals) = postSolution
		SolutionGuid = {C659449C-C312-4EDF-B601-9910FD43200F}
	EndGlobalSection
EndGlobal
